{
  "nodes": {
    "flake-utils": {
      "locked": {
        "lastModified": 1631561581,
        "narHash": "sha256-3VQMV5zvxaVLvqqUrNz3iJelLw30mIVSfZmAaauM3dA=",
        "owner": "numtide",
        "repo": "flake-utils",
        "rev": "7e5bf3925f6fbdfaf50a2a7ca0be2879c4261d19",
        "type": "github"
      },
      "original": {
        "owner": "numtide",
        "repo": "flake-utils",
        "type": "github"
      }
    },
    "nixpkgs": {
      "locked": {
        "lastModified": 1633867062,
        "narHash": "sha256-Pp62zi7t2cgqEcJjsJ+HgBSIdZE6mN7m7Ud073IFC8o=",
        "owner": "nixos",
        "repo": "nixpkgs",
        "rev": "28b259bbb4d464bd5378fc21116ecdf71b50435e",
        "type": "github"
      },
      "original": {
        "owner": "nixos",
        "repo": "nixpkgs",
        "type": "github"
      }
    },
    "root": {
      "inputs": {
        "flake-utils": "flake-utils",
        "nixpkgs": "nixpkgs",
        "terranix-examples": "terranix-examples"
      }
    },
    "terranix-examples": {
      "locked": {
        "lastModified": 1633465925,
        "narHash": "sha256-BfXRW1ZHpK5jh5CVcw7eFpGsWE1CyVxL8R+V7uXemaU=",
        "owner": "terranix",
        "repo": "terranix-examples",
        "rev": "70bf5d5a1ad4eabef1e4e71c1eb101021decd5a4",
        "type": "github"
      },
      "original": {
        "owner": "terranix",
        "repo": "terranix-examples",
        "type": "github"
      }
    }
  },
  "root": "root",
  "version": 7
}
