{
  "nodes": {
    "flake-utils": {
      "locked": {
        "lastModified": 1631561581,
        "narHash": "sha256-3VQMV5zvxaVLvqqUrNz3iJelLw30mIVSfZmAaauM3dA=",
        "owner": "numtide",
        "repo": "flake-utils",
        "rev": "7e5bf3925f6fbdfaf50a2a7ca0be2879c4261d19",
        "type": "github"
      },
      "original": {
        "owner": "numtide",
        "repo": "flake-utils",
        "type": "github"
      }
    },
    "nixpkgs": {
      "locked": {
        "lastModified": 1634107305,
        "narHash": "sha256-BZg5pK2QoIVMNJmoDn3zH9wl6QkPOc25/NwxMMcfT+4=",
        "owner": "nixos",
        "repo": "nixpkgs",
        "rev": "fdd348249b84f88ebb528b2015b248419c358848",
        "type": "github"
      },
      "original": {
        "owner": "nixos",
        "repo": "nixpkgs",
        "type": "github"
      }
    },
    "root": {
      "inputs": {
        "flake-utils": "flake-utils",
        "nixpkgs": "nixpkgs",
        "terranix-examples": "terranix-examples"
      }
    },
    "terranix-examples": {
      "locked": {
        "lastModified": 1633465925,
        "narHash": "sha256-BfXRW1ZHpK5jh5CVcw7eFpGsWE1CyVxL8R+V7uXemaU=",
        "owner": "terranix",
        "repo": "terranix-examples",
        "rev": "70bf5d5a1ad4eabef1e4e71c1eb101021decd5a4",
        "type": "github"
      },
      "original": {
        "owner": "terranix",
        "repo": "terranix-examples",
        "type": "github"
      }
    }
  },
  "root": "root",
  "version": 7
}
